github.com/golang/protobuf v1.3.2 h1:6nsPYzhq5kReh6QImI3k5qWzO4PEbvbIW2cwSfR/6xs=
github.com/golang/protobuf v1.3.2/go.mod h1:6lQm79b+lXiMfvg/cZm0SGofjICqVBUtrP5yJMmIC1U=
github.com/lib/pq v1.7.0 h1:h93mCPfUSkaul3Ka/VG8uZdmW1uMHDGxzu0NWHuJmHY=
github.com/lib/pq v1.7.0/go.mod h1:AlVN5x4E4T544tWzH6hKfbfQvm3HdbOxrmggDNAPY9o=
github.com/nyaruka/phonenumbers v1.0.56 h1:WdOfLJMyhXibLTBHu1MIrPmZ5eylfGaXZ9vl9h9SB08=
github.com/nyaruka/phonenumbers v1.0.56/go.mod h1:sDaTZ/KPX5f8qyV9qN+hIm+4ZBARJrupC6LuhshJq1U=
